
Microsoft Visual Studio Solution File, Format Version 12.00
# Visual Studio Version 17
VisualStudioVersion = 17.4.33205.214
MinimumVisualStudioVersion = 10.0.40219.1
Project("{9A19103F-16F7-4668-BE54-9A1E7A4F7556}") = "QuickStringReplace", "QuickStringReplace.csproj", "{CF1F7302-16EB-4B07-BFFE-4DD59F8569A7}"
EndProject
Global
	GlobalSection(SolutionConfigurationPlatforms) = preSolution
		Debug|Any CPU = Debug|Any CPU
		Release|Any CPU = Release|Any CPU
	EndGlobalSection
	GlobalSection(ProjectConfigurationPlatforms) = postSolution
		{CF1F7302-16EB-4B07-BFFE-4DD59F8569A7}.Debug|Any CPU.ActiveCfg = Debug|Any CPU
		{CF1F7302-16EB-4B07-BFFE-4DD59F8569A7}.Debug|Any CPU.Build.0 = Debug|Any CPU
		{CF1F7302-16EB-4B07-BFFE-4DD59F8569A7}.Release|Any CPU.ActiveCfg = Release|Any CPU
		{CF1F7302-16EB-4B07-BFFE-4DD59F8569A7}.Release|Any CPU.Build.0 = Release|Any CPU
	EndGlobalSection
	GlobalSection(SolutionProperties) = preSolution
		HideSolutionNode = FALSE
	EndGlobalSection
	GlobalSection(ExtensibilityGlobals) = postSolution
		SolutionGuid = {081914C8-BD4D-492D-B19E-3A1943E6C5F2}
	EndGlobalSection
EndGlobal
